
Microsoft Visual Studio Solution File, Format Version 12.00
# Visual Studio 15
VisualStudioVersion = 15.0.28307.136
MinimumVisualStudioVersion = 10.0.40219.1
Project("{FAE04EC0-301F-11D3-BF4B-00C04F79EFBC}") = "prtx_backend", "prtx_backend\prtx_backend.csproj", "{7DB1CCD5-F028-4085-9263-4AC9840D7478}"
EndProject
Global
	GlobalSection(SolutionConfigurationPlatforms) = preSolution
		Debug|Any CPU = Debug|Any CPU
		Release|Any CPU = Release|Any CPU
	EndGlobalSection
	GlobalSection(ProjectConfigurationPlatforms) = postSolution
		{7DB1CCD5-F028-4085-9263-4AC9840D7478}.Debug|Any CPU.ActiveCfg = Debug|Any CPU
		{7DB1CCD5-F028-4085-9263-4AC9840D7478}.Debug|Any CPU.Build.0 = Debug|Any CPU
		{7DB1CCD5-F028-4085-9263-4AC9840D7478}.Release|Any CPU.ActiveCfg = Release|Any CPU
		{7DB1CCD5-F028-4085-9263-4AC9840D7478}.Release|Any CPU.Build.0 = Release|Any CPU
	EndGlobalSection
	GlobalSection(SolutionProperties) = preSolution
		HideSolutionNode = FALSE
	EndGlobalSection
	GlobalSection(ExtensibilityGlobals) = postSolution
		SolutionGuid = {49509FC1-8F1A-45AF-9947-C28892423F31}
	EndGlobalSection
EndGlobal
